// !$*UTF8*$!
{
	archiveVersion = 1;
	classes = {
	};
	objectVersion = 55;
	objects = {

/* Begin PBXBuildFile section */
		0E74D04F270A27B100D4F91F /* AppDelegate.swift in Sources */ = {isa = PBXBuildFile; fileRef = 0E74D04E270A27B100D4F91F /* AppDelegate.swift */; };
		0E74D053270A27B400D4F91F /* Assets.xcassets in Resources */ = {isa = PBXBuildFile; fileRef = 0E74D052270A27B400D4F91F /* Assets.xcassets */; };
		BE97B954CC0F314E1AB38611 /* LegoCarClient.swift in Sources */ = {isa = PBXBuildFile; fileRef = BE97B6707F1577416F70D920 /* LegoCarClient.swift */; };
		BE97BA145C43AE2E85B173C8 /* VisualizerViewController.swift in Sources */ = {isa = PBXBuildFile; fileRef = BE97BFECA5CE194E3FB41FC4 /* VisualizerViewController.swift */; };
		BE97BAD950F2A2815BA65098 /* MainWindowController.swift in Sources */ = {isa = PBXBuildFile; fileRef = BE97BE084FCA92E1B61341E7 /* MainWindowController.swift */; };
		BE97BB44BB6F282B37A77EC8 /* main.swift in Sources */ = {isa = PBXBuildFile; fileRef = BE97B0881F00059EE36BE47A /* main.swift */; };
		BE97BCC4E690FBED0782191D /* NSView+Layout.swift in Sources */ = {isa = PBXBuildFile; fileRef = BE97BF33135A17A253907C2F /* NSView+Layout.swift */; };
		BE97BEC38B1D3699112D6AFE /* ConnectViewController.swift in Sources */ = {isa = PBXBuildFile; fileRef = BE97BD95C6110736D337C387 /* ConnectViewController.swift */; };
		BE97BEDAB89030C8FBA6A8AC /* ILegoCarStateProvider.swift in Sources */ = {isa = PBXBuildFile; fileRef = BE97B8EF644A5EB0F0F39346 /* ILegoCarStateProvider.swift */; };
		BE97BEE56A8C3684ECE68025 /* CarRenderer.swift in Sources */ = {isa = PBXBuildFile; fileRef = BE97B4D1ABFEBDE37C8B0F96 /* CarRenderer.swift */; };
/* End PBXBuildFile section */

/* Begin PBXFileReference section */
		0E74D04B270A27B100D4F91F /* Visualizer.app */ = {isa = PBXFileReference; explicitFileType = wrapper.application; includeInIndex = 0; path = Visualizer.app; sourceTree = BUILT_PRODUCTS_DIR; };
		0E74D04E270A27B100D4F91F /* AppDelegate.swift */ = {isa = PBXFileReference; lastKnownFileType = sourcecode.swift; path = AppDelegate.swift; sourceTree = "<group>"; };
		0E74D052270A27B400D4F91F /* Assets.xcassets */ = {isa = PBXFileReference; lastKnownFileType = folder.assetcatalog; path = Assets.xcassets; sourceTree = "<group>"; };
		0E74D057270A27B400D4F91F /* Visualizer.entitlements */ = {isa = PBXFileReference; lastKnownFileType = text.plist.entitlements; path = Visualizer.entitlements; sourceTree = "<group>"; };
		BE97B0881F00059EE36BE47A /* main.swift */ = {isa = PBXFileReference; fileEncoding = 4; lastKnownFileType = sourcecode.swift; path = main.swift; sourceTree = "<group>"; };
		BE97B4D1ABFEBDE37C8B0F96 /* CarRenderer.swift */ = {isa = PBXFileReference; fileEncoding = 4; lastKnownFileType = sourcecode.swift; path = CarRenderer.swift; sourceTree = "<group>"; };
		BE97B6707F1577416F70D920 /* LegoCarClient.swift */ = {isa = PBXFileReference; fileEncoding = 4; lastKnownFileType = sourcecode.swift; path = LegoCarClient.swift; sourceTree = "<group>"; };
		BE97B8EF644A5EB0F0F39346 /* ILegoCarStateProvider.swift */ = {isa = PBXFileReference; fileEncoding = 4; lastKnownFileType = sourcecode.swift; path = ILegoCarStateProvider.swift; sourceTree = "<group>"; };
		BE97BD95C6110736D337C387 /* ConnectViewController.swift */ = {isa = PBXFileReference; fileEncoding = 4; lastKnownFileType = sourcecode.swift; path = ConnectViewController.swift; sourceTree = "<group>"; };
		BE97BE084FCA92E1B61341E7 /* MainWindowController.swift */ = {isa = PBXFileReference; fileEncoding = 4; lastKnownFileType = sourcecode.swift; path = MainWindowController.swift; sourceTree = "<group>"; };
		BE97BF33135A17A253907C2F /* NSView+Layout.swift */ = {isa = PBXFileReference; fileEncoding = 4; lastKnownFileType = sourcecode.swift; path = "NSView+Layout.swift"; sourceTree = "<group>"; };
		BE97BFECA5CE194E3FB41FC4 /* VisualizerViewController.swift */ = {isa = PBXFileReference; fileEncoding = 4; lastKnownFileType = sourcecode.swift; path = VisualizerViewController.swift; sourceTree = "<group>"; };
/* End PBXFileReference section */

/* Begin PBXFrameworksBuildPhase section */
		0E74D048270A27B100D4F91F /* Frameworks */ = {
			isa = PBXFrameworksBuildPhase;
			buildActionMask = 2147483647;
			files = (
			);
			runOnlyForDeploymentPostprocessing = 0;
		};
/* End PBXFrameworksBuildPhase section */

/* Begin PBXGroup section */
		0E74D042270A27B100D4F91F = {
			isa = PBXGroup;
			children = (
				0E74D04D270A27B100D4F91F /* Visualizer */,
				0E74D04C270A27B100D4F91F /* Products */,
			);
			sourceTree = "<group>";
		};
		0E74D04C270A27B100D4F91F /* Products */ = {
			isa = PBXGroup;
			children = (
				0E74D04B270A27B100D4F91F /* Visualizer.app */,
			);
			name = Products;
			sourceTree = "<group>";
		};
		0E74D04D270A27B100D4F91F /* Visualizer */ = {
			isa = PBXGroup;
			children = (
				0E74D04E270A27B100D4F91F /* AppDelegate.swift */,
				0E74D052270A27B400D4F91F /* Assets.xcassets */,
				0E74D057270A27B400D4F91F /* Visualizer.entitlements */,
				BE97BEE46CDFE6103B3E7C6A /* Views */,
				BE97BE084FCA92E1B61341E7 /* MainWindowController.swift */,
				BE97B0881F00059EE36BE47A /* main.swift */,
				BE97B3B450B096F5EEB7A8D3 /* Core */,
			);
			path = Visualizer;
			sourceTree = "<group>";
		};
		BE97B3B450B096F5EEB7A8D3 /* Core */ = {
			isa = PBXGroup;
			children = (
				BE97B6707F1577416F70D920 /* LegoCarClient.swift */,
			);
			path = Core;
			sourceTree = "<group>";
		};
		BE97BEE46CDFE6103B3E7C6A /* Views */ = {
			isa = PBXGroup;
			children = (
				BE97BD95C6110736D337C387 /* ConnectViewController.swift */,
				BE97BF33135A17A253907C2F /* NSView+Layout.swift */,
				BE97BFECA5CE194E3FB41FC4 /* VisualizerViewController.swift */,
				BE97B4D1ABFEBDE37C8B0F96 /* CarRenderer.swift */,
				BE97B8EF644A5EB0F0F39346 /* ILegoCarStateProvider.swift */,
			);
			path = Views;
			sourceTree = "<group>";
		};
/* End PBXGroup section */

/* Begin PBXNativeTarget section */
		0E74D04A270A27B100D4F91F /* Visualizer */ = {
			isa = PBXNativeTarget;
			buildConfigurationList = 0E74D05A270A27B400D4F91F /* Build configuration list for PBXNativeTarget "Visualizer" */;
			buildPhases = (
				0E74D047270A27B100D4F91F /* Sources */,
				0E74D048270A27B100D4F91F /* Frameworks */,
				0E74D049270A27B100D4F91F /* Resources */,
			);
			buildRules = (
			);
			dependencies = (
			);
			name = Visualizer;
			productName = Visualizer;
			productReference = 0E74D04B270A27B100D4F91F /* Visualizer.app */;
			productType = "com.apple.product-type.application";
		};
/* End PBXNativeTarget section */

/* Begin PBXProject section */
		0E74D043270A27B100D4F91F /* Project object */ = {
			isa = PBXProject;
			attributes = {
				BuildIndependentTargetsInParallel = 1;
				LastSwiftUpdateCheck = 1300;
				LastUpgradeCheck = 1300;
				TargetAttributes = {
					0E74D04A270A27B100D4F91F = {
						CreatedOnToolsVersion = 13.0;
					};
				};
			};
			buildConfigurationList = 0E74D046270A27B100D4F91F /* Build configuration list for PBXProject "Visualizer" */;
			compatibilityVersion = "Xcode 13.0";
			developmentRegion = en;
			hasScannedForEncodings = 0;
			knownRegions = (
				en,
				Base,
			);
			mainGroup = 0E74D042270A27B100D4F91F;
			productRefGroup = 0E74D04C270A27B100D4F91F /* Products */;
			projectDirPath = "";
			projectRoot = "";
			targets = (
				0E74D04A270A27B100D4F91F /* Visualizer */,
			);
		};
/* End PBXProject section */

/* Begin PBXResourcesBuildPhase section */
		0E74D049270A27B100D4F91F /* Resources */ = {
			isa = PBXResourcesBuildPhase;
			buildActionMask = 2147483647;
			files = (
				0E74D053270A27B400D4F91F /* Assets.xcassets in Resources */,
			);
			runOnlyForDeploymentPostprocessing = 0;
		};
/* End PBXResourcesBuildPhase section */

/* Begin PBXSourcesBuildPhase section */
		0E74D047270A27B100D4F91F /* Sources */ = {
			isa = PBXSourcesBuildPhase;
			buildActionMask = 2147483647;
			files = (
				0E74D04F270A27B100D4F91F /* AppDelegate.swift in Sources */,
				BE97BEC38B1D3699112D6AFE /* ConnectViewController.swift in Sources */,
				BE97BCC4E690FBED0782191D /* NSView+Layout.swift in Sources */,
				BE97BAD950F2A2815BA65098 /* MainWindowController.swift in Sources */,
				BE97BB44BB6F282B37A77EC8 /* main.swift in Sources */,
				BE97BA145C43AE2E85B173C8 /* VisualizerViewController.swift in Sources */,
				BE97B954CC0F314E1AB38611 /* LegoCarClient.swift in Sources */,
				BE97BEE56A8C3684ECE68025 /* CarRenderer.swift in Sources */,
				BE97BEDAB89030C8FBA6A8AC /* ILegoCarStateProvider.swift in Sources */,
			);
			runOnlyForDeploymentPostprocessing = 0;
		};
/* End PBXSourcesBuildPhase section */

/* Begin XCBuildConfiguration section */
		0E74D058270A27B400D4F91F /* Debug */ = {
			isa = XCBuildConfiguration;
			buildSettings = {
				ALWAYS_SEARCH_USER_PATHS = NO;
				CLANG_ANALYZER_NONNULL = YES;
				CLANG_ANALYZER_NUMBER_OBJECT_CONVERSION = YES_AGGRESSIVE;
				CLANG_CXX_LANGUAGE_STANDARD = "gnu++17";
				CLANG_CXX_LIBRARY = "libc++";
				CLANG_ENABLE_MODULES = YES;
				CLANG_ENABLE_OBJC_ARC = YES;
				CLANG_ENABLE_OBJC_WEAK = YES;
				CLANG_WARN_BLOCK_CAPTURE_AUTORELEASING = YES;
				CLANG_WARN_BOOL_CONVERSION = YES;
				CLANG_WARN_COMMA = YES;
				CLANG_WARN_CONSTANT_CONVERSION = YES;
				CLANG_WARN_DEPRECATED_OBJC_IMPLEMENTATIONS = YES;
				CLANG_WARN_DIRECT_OBJC_ISA_USAGE = YES_ERROR;
				CLANG_WARN_DOCUMENTATION_COMMENTS = YES;
				CLANG_WARN_EMPTY_BODY = YES;
				CLANG_WARN_ENUM_CONVERSION = YES;
				CLANG_WARN_INFINITE_RECURSION = YES;
				CLANG_WARN_INT_CONVERSION = YES;
				CLANG_WARN_NON_LITERAL_NULL_CONVERSION = YES;
				CLANG_WARN_OBJC_IMPLICIT_RETAIN_SELF = YES;
				CLANG_WARN_OBJC_LITERAL_CONVERSION = YES;
				CLANG_WARN_OBJC_ROOT_CLASS = YES_ERROR;
				CLANG_WARN_QUOTED_INCLUDE_IN_FRAMEWORK_HEADER = YES;
				CLANG_WARN_RANGE_LOOP_ANALYSIS = YES;
				CLANG_WARN_STRICT_PROTOTYPES = YES;
				CLANG_WARN_SUSPICIOUS_MOVE = YES;
				CLANG_WARN_UNGUARDED_AVAILABILITY = YES_AGGRESSIVE;
				CLANG_WARN_UNREACHABLE_CODE = YES;
				CLANG_WARN__DUPLICATE_METHOD_MATCH = YES;
				COPY_PHASE_STRIP = NO;
				DEBUG_INFORMATION_FORMAT = dwarf;
				ENABLE_STRICT_OBJC_MSGSEND = YES;
				ENABLE_TESTABILITY = YES;
				GCC_C_LANGUAGE_STANDARD = gnu11;
				GCC_DYNAMIC_NO_PIC = NO;
				GCC_NO_COMMON_BLOCKS = YES;
				GCC_OPTIMIZATION_LEVEL = 0;
				GCC_PREPROCESSOR_DEFINITIONS = (
					"DEBUG=1",
					"$(inherited)",
				);
				GCC_WARN_64_TO_32_BIT_CONVERSION = YES;
				GCC_WARN_ABOUT_RETURN_TYPE = YES_ERROR;
				GCC_WARN_UNDECLARED_SELECTOR = YES;
				GCC_WARN_UNINITIALIZED_AUTOS = YES_AGGRESSIVE;
				GCC_WARN_UNUSED_FUNCTION = YES;
				GCC_WARN_UNUSED_VARIABLE = YES;
				MACOSX_DEPLOYMENT_TARGET = 11.3;
				MTL_ENABLE_DEBUG_INFO = INCLUDE_SOURCE;
				MTL_FAST_MATH = YES;
				ONLY_ACTIVE_ARCH = YES;
				SDKROOT = macosx;
				SWIFT_ACTIVE_COMPILATION_CONDITIONS = DEBUG;
				SWIFT_OPTIMIZATION_LEVEL = "-Onone";
			};
			name = Debug;
		};
		0E74D059270A27B400D4F91F /* Release */ = {
			isa = XCBuildConfiguration;
			buildSettings = {
				ALWAYS_SEARCH_USER_PATHS = NO;
				CLANG_ANALYZER_NONNULL = YES;
				CLANG_ANALYZER_NUMBER_OBJECT_CONVERSION = YES_AGGRESSIVE;
				CLANG_CXX_LANGUAGE_STANDARD = "gnu++17";
				CLANG_CXX_LIBRARY = "libc++";
				CLANG_ENABLE_MODULES = YES;
				CLANG_ENABLE_OBJC_ARC = YES;
				CLANG_ENABLE_OBJC_WEAK = YES;
				CLANG_WARN_BLOCK_CAPTURE_AUTORELEASING = YES;
				CLANG_WARN_BOOL_CONVERSION = YES;
				CLANG_WARN_COMMA = YES;
				CLANG_WARN_CONSTANT_CONVERSION = YES;
				CLANG_WARN_DEPRECATED_OBJC_IMPLEMENTATIONS = YES;
				CLANG_WARN_DIRECT_OBJC_ISA_USAGE = YES_ERROR;
				CLANG_WARN_DOCUMENTATION_COMMENTS = YES;
				CLANG_WARN_EMPTY_BODY = YES;
				CLANG_WARN_ENUM_CONVERSION = YES;
				CLANG_WARN_INFINITE_RECURSION = YES;
				CLANG_WARN_INT_CONVERSION = YES;
				CLANG_WARN_NON_LITERAL_NULL_CONVERSION = YES;
				CLANG_WARN_OBJC_IMPLICIT_RETAIN_SELF = YES;
				CLANG_WARN_OBJC_LITERAL_CONVERSION = YES;
				CLANG_WARN_OBJC_ROOT_CLASS = YES_ERROR;
				CLANG_WARN_QUOTED_INCLUDE_IN_FRAMEWORK_HEADER = YES;
				CLANG_WARN_RANGE_LOOP_ANALYSIS = YES;
				CLANG_WARN_STRICT_PROTOTYPES = YES;
				CLANG_WARN_SUSPICIOUS_MOVE = YES;
				CLANG_WARN_UNGUARDED_AVAILABILITY = YES_AGGRESSIVE;
				CLANG_WARN_UNREACHABLE_CODE = YES;
				CLANG_WARN__DUPLICATE_METHOD_MATCH = YES;
				COPY_PHASE_STRIP = NO;
				DEBUG_INFORMATION_FORMAT = "dwarf-with-dsym";
				ENABLE_NS_ASSERTIONS = NO;
				ENABLE_STRICT_OBJC_MSGSEND = YES;
				GCC_C_LANGUAGE_STANDARD = gnu11;
				GCC_NO_COMMON_BLOCKS = YES;
				GCC_WARN_64_TO_32_BIT_CONVERSION = YES;
				GCC_WARN_ABOUT_RETURN_TYPE = YES_ERROR;
				GCC_WARN_UNDECLARED_SELECTOR = YES;
				GCC_WARN_UNINITIALIZED_AUTOS = YES_AGGRESSIVE;
				GCC_WARN_UNUSED_FUNCTION = YES;
				GCC_WARN_UNUSED_VARIABLE = YES;
				MACOSX_DEPLOYMENT_TARGET = 11.3;
				MTL_ENABLE_DEBUG_INFO = NO;
				MTL_FAST_MATH = YES;
				SDKROOT = macosx;
				SWIFT_COMPILATION_MODE = wholemodule;
				SWIFT_OPTIMIZATION_LEVEL = "-O";
			};
			name = Release;
		};
		0E74D05B270A27B400D4F91F /* Debug */ = {
			isa = XCBuildConfiguration;
			buildSettings = {
				ASSETCATALOG_COMPILER_APPICON_NAME = AppIcon;
				ASSETCATALOG_COMPILER_GLOBAL_ACCENT_COLOR_NAME = AccentColor;
				CODE_SIGN_ENTITLEMENTS = Visualizer/Visualizer.entitlements;
				CODE_SIGN_STYLE = Automatic;
				COMBINE_HIDPI_IMAGES = YES;
				CURRENT_PROJECT_VERSION = 1;
				DEVELOPMENT_TEAM = S5WLDDHP5Y;
				ENABLE_HARDENED_RUNTIME = YES;
				GENERATE_INFOPLIST_FILE = YES;
				INFOPLIST_KEY_NSHumanReadableCopyright = "";
				INFOPLIST_KEY_NSPrincipalClass = NSApplication;
				LD_RUNPATH_SEARCH_PATHS = (
					"$(inherited)",
					"@executable_path/../Frameworks",
				);
				MARKETING_VERSION = 1.0;
				PRODUCT_BUNDLE_IDENTIFIER = org.convenient.Visualizer;
				PRODUCT_NAME = "$(TARGET_NAME)";
				SWIFT_EMIT_LOC_STRINGS = YES;
				SWIFT_VERSION = 5.0;
			};
			name = Debug;
		};
		0E74D05C270A27B400D4F91F /* Release */ = {
			isa = XCBuildConfiguration;
			buildSettings = {
				ASSETCATALOG_COMPILER_APPICON_NAME = AppIcon;
				ASSETCATALOG_COMPILER_GLOBAL_ACCENT_COLOR_NAME = AccentColor;
				CODE_SIGN_ENTITLEMENTS = Visualizer/Visualizer.entitlements;
				CODE_SIGN_STYLE = Automatic;
				COMBINE_HIDPI_IMAGES = YES;
				CURRENT_PROJECT_VERSION = 1;
				DEVELOPMENT_TEAM = S5WLDDHP5Y;
				ENABLE_HARDENED_RUNTIME = YES;
				GENERATE_INFOPLIST_FILE = YES;
				INFOPLIST_KEY_NSHumanReadableCopyright = "";
				INFOPLIST_KEY_NSPrincipalClass = NSApplication;
				LD_RUNPATH_SEARCH_PATHS = (
					"$(inherited)",
					"@executable_path/../Frameworks",
				);
				MARKETING_VERSION = 1.0;
				PRODUCT_BUNDLE_IDENTIFIER = org.convenient.Visualizer;
				PRODUCT_NAME = "$(TARGET_NAME)";
				SWIFT_EMIT_LOC_STRINGS = YES;
				SWIFT_VERSION = 5.0;
			};
			name = Release;
		};
/* End XCBuildConfiguration section */

/* Begin XCConfigurationList section */
		0E74D046270A27B100D4F91F /* Build configuration list for PBXProject "Visualizer" */ = {
			isa = XCConfigurationList;
			buildConfigurations = (
				0E74D058270A27B400D4F91F /* Debug */,
				0E74D059270A27B400D4F91F /* Release */,
			);
			defaultConfigurationIsVisible = 0;
			defaultConfigurationName = Release;
		};
		0E74D05A270A27B400D4F91F /* Build configuration list for PBXNativeTarget "Visualizer" */ = {
			isa = XCConfigurationList;
			buildConfigurations = (
				0E74D05B270A27B400D4F91F /* Debug */,
				0E74D05C270A27B400D4F91F /* Release */,
			);
			defaultConfigurationIsVisible = 0;
			defaultConfigurationName = Release;
		};
/* End XCConfigurationList section */
	};
	rootObject = 0E74D043270A27B100D4F91F /* Project object */;
}
