Microsoft Visual Studio Solution File, Format Version 12.00
# Visual Studio 15
VisualStudioVersion = 15.0.27428.2037
MinimumVisualStudioVersion = 10.0.40219.1
Project("{2150E333-8FDC-42A3-9474-1A3956D46DE8}") = "20. Libs", "20. Libs", "{28BBC1EF-B589-42B9-A89F-796778A5BEF0}"
EndProject
Project("{2150E333-8FDC-42A3-9474-1A3956D46DE8}") = "70. Tests", "70. Tests", "{5A141452-1CF5-4AFB-B2FF-5816C534AC3C}"
EndProject
Project("{9A19103F-16F7-4668-BE54-9A1E7A4F7556}") = "Devices", "Devices\Devices.csproj", "{769D26E4-3D86-4EDD-AEB7-02FA327D9021}"
EndProject
Project("{9A19103F-16F7-4668-BE54-9A1E7A4F7556}") = "MotorTest", "MotorTest\MotorTest.csproj", "{1E7C8029-1F45-47FC-B91E-D8A4590E3A28}"
EndProject
Project("{9A19103F-16F7-4668-BE54-9A1E7A4F7556}") = "MotoZeroTest", "MotoZeroTest\MotoZeroTest.csproj", "{2D423575-A0CC-456F-A421-C5C1EBF6C4D4}"
EndProject
Project("{9A19103F-16F7-4668-BE54-9A1E7A4F7556}") = "LCTP", "LCTP\LCTP.csproj", "{527620E6-F1CF-4368-B45E-831A3D6B92B2}"
EndProject
Project("{2150E333-8FDC-42A3-9474-1A3956D46DE8}") = "10. Apps", "10. Apps", "{EDF4BB25-BE69-4A2E-B168-8F3EA5FE1E50}"
EndProject
Project("{9A19103F-16F7-4668-BE54-9A1E7A4F7556}") = "MotoZeroServer", "MotoZeroServer\MotoZeroServer.csproj", "{68B8EC4D-BA96-4782-AFFA-FA11899F16CD}"
EndProject
Project("{9A19103F-16F7-4668-BE54-9A1E7A4F7556}") = "MotoZeroClient", "MotoZeroClient\MotoZeroClient.csproj", "{D34E0450-723C-45EF-8972-76B8EEE7FDB3}"
EndProject
Project("{9A19103F-16F7-4668-BE54-9A1E7A4F7556}") = "LegoCarServer", "LegoCarServer\LegoCarServer.csproj", "{AF14DAB2-527E-4E75-A79E-BC450058F64E}"
EndProject
Project("{2150E333-8FDC-42A3-9474-1A3956D46DE8}") = "30. Tools", "30. Tools", "{691D5318-3E04-4F1E-99C9-E1F00D5527E1}"
EndProject
Project("{FAE04EC0-301F-11D3-BF4B-00C04F79EFBC}") = "SteeringWheel", "SteeringWheel\SteeringWheel.csproj", "{CA65B0B5-BF15-48E6-BB1E-9038090A4C30}"
EndProject
Project("{9A19103F-16F7-4668-BE54-9A1E7A4F7556}") = "LctpTestServer", "LctpTestServer\LctpTestServer.csproj", "{DD58F471-801A-4AA8-A94D-E36F8B51D221}"
EndProject
Project("{9A19103F-16F7-4668-BE54-9A1E7A4F7556}") = "CameraTest", "CameraTest\CameraTest.csproj", "{09E4365B-FD99-4188-864B-78C395023D8D}"
EndProject
Project("{2150E333-8FDC-42A3-9474-1A3956D46DE8}") = "25. Shared", "25. Shared", "{13BAEB89-3488-4CFF-B022-D26B0CD4B90E}"
EndProject
Project("{D954291E-2A0B-460D-934E-DC6B0785DB48}") = "Shared", "Shared\Shared.shproj", "{B9B5F667-5B75-4AA5-97D4-101443ADEBD8}"
EndProject
Project("{FAE04EC0-301F-11D3-BF4B-00C04F79EFBC}") = "DistanceSensorTest", "DistanceSensorTest\DistanceSensorTest.csproj", "{15561F11-E902-4B21-82BE-C81D046EE17D}"
EndProject
Project("{FAE04EC0-301F-11D3-BF4B-00C04F79EFBC}") = "Visualizer", "Visualizer\Visualizer.csproj", "{EAFB5D03-6E8C-44E9-AD58-3903880521EC}"
EndProject
Project("{FAE04EC0-301F-11D3-BF4B-00C04F79EFBC}") = "Lego", "Lego\Lego.csproj", "{CF2492F8-A1F2-41A5-B319-DB2C19662A0C}"
EndProject
Project("{FAE04EC0-301F-11D3-BF4B-00C04F79EFBC}") = "Maths", "Maths\Maths.csproj", "{F7C77102-12A6-48D7-8431-AB0F3C77FB6F}"
EndProject
Project("{FAE04EC0-301F-11D3-BF4B-00C04F79EFBC}") = "Lego.Client", "Lego.Client\Lego.Client.csproj", "{938AFE20-BE61-44B5-BF69-05E95056189E}"
EndProject
Project("{FAE04EC0-301F-11D3-BF4B-00C04F79EFBC}") = "Lego.Server", "Lego.Server\Lego.Server.csproj", "{55398ED7-1DA2-4199-8AEF-251767A41576}"
EndProject
Project("{FAE04EC0-301F-11D3-BF4B-00C04F79EFBC}") = "ImuServer", "ImuServer\ImuServer.csproj", "{6A087F93-950F-4AE0-828F-780C6DC3294E}"
EndProject
Project("{FAE04EC0-301F-11D3-BF4B-00C04F79EFBC}") = "Bno055Sensor", "Bno055Sensor\Bno055Sensor.csproj", "{F11BF1A8-986E-4512-BA4C-4124D02112AC}"
EndProject
Project("{FAE04EC0-301F-11D3-BF4B-00C04F79EFBC}") = "LedTest", "LedTest\LedTest.csproj", "{1142A41D-36BE-4885-A902-B44C85BAE33D}"
EndProject
Global
	GlobalSection(SharedMSBuildProjectFiles) = preSolution
		Shared\Shared.projitems*{b9b5f667-5b75-4aa5-97d4-101443adebd8}*SharedItemsImports = 13
	EndGlobalSection
	GlobalSection(SolutionConfigurationPlatforms) = preSolution
		Debug|Any CPU = Debug|Any CPU
		Debug|iPhone = Debug|iPhone
		Debug|iPhoneSimulator = Debug|iPhoneSimulator
		Release|Any CPU = Release|Any CPU
		Release|iPhone = Release|iPhone
		Release|iPhoneSimulator = Release|iPhoneSimulator
	EndGlobalSection
	GlobalSection(ProjectConfigurationPlatforms) = postSolution
		{769D26E4-3D86-4EDD-AEB7-02FA327D9021}.Debug|Any CPU.ActiveCfg = Debug|Any CPU
		{769D26E4-3D86-4EDD-AEB7-02FA327D9021}.Debug|Any CPU.Build.0 = Debug|Any CPU
		{769D26E4-3D86-4EDD-AEB7-02FA327D9021}.Debug|iPhone.ActiveCfg = Debug|Any CPU
		{769D26E4-3D86-4EDD-AEB7-02FA327D9021}.Debug|iPhone.Build.0 = Debug|Any CPU
		{769D26E4-3D86-4EDD-AEB7-02FA327D9021}.Debug|iPhoneSimulator.ActiveCfg = Debug|Any CPU
		{769D26E4-3D86-4EDD-AEB7-02FA327D9021}.Debug|iPhoneSimulator.Build.0 = Debug|Any CPU
		{769D26E4-3D86-4EDD-AEB7-02FA327D9021}.Release|Any CPU.ActiveCfg = Release|Any CPU
		{769D26E4-3D86-4EDD-AEB7-02FA327D9021}.Release|Any CPU.Build.0 = Release|Any CPU
		{769D26E4-3D86-4EDD-AEB7-02FA327D9021}.Release|iPhone.ActiveCfg = Release|Any CPU
		{769D26E4-3D86-4EDD-AEB7-02FA327D9021}.Release|iPhone.Build.0 = Release|Any CPU
		{769D26E4-3D86-4EDD-AEB7-02FA327D9021}.Release|iPhoneSimulator.ActiveCfg = Release|Any CPU
		{769D26E4-3D86-4EDD-AEB7-02FA327D9021}.Release|iPhoneSimulator.Build.0 = Release|Any CPU
		{1E7C8029-1F45-47FC-B91E-D8A4590E3A28}.Debug|Any CPU.ActiveCfg = Debug|Any CPU
		{1E7C8029-1F45-47FC-B91E-D8A4590E3A28}.Debug|Any CPU.Build.0 = Debug|Any CPU
		{1E7C8029-1F45-47FC-B91E-D8A4590E3A28}.Debug|iPhone.ActiveCfg = Debug|Any CPU
		{1E7C8029-1F45-47FC-B91E-D8A4590E3A28}.Debug|iPhone.Build.0 = Debug|Any CPU
		{1E7C8029-1F45-47FC-B91E-D8A4590E3A28}.Debug|iPhoneSimulator.ActiveCfg = Debug|Any CPU
		{1E7C8029-1F45-47FC-B91E-D8A4590E3A28}.Debug|iPhoneSimulator.Build.0 = Debug|Any CPU
		{1E7C8029-1F45-47FC-B91E-D8A4590E3A28}.Release|Any CPU.ActiveCfg = Release|Any CPU
		{1E7C8029-1F45-47FC-B91E-D8A4590E3A28}.Release|Any CPU.Build.0 = Release|Any CPU
		{1E7C8029-1F45-47FC-B91E-D8A4590E3A28}.Release|iPhone.ActiveCfg = Release|Any CPU
		{1E7C8029-1F45-47FC-B91E-D8A4590E3A28}.Release|iPhone.Build.0 = Release|Any CPU
		{1E7C8029-1F45-47FC-B91E-D8A4590E3A28}.Release|iPhoneSimulator.ActiveCfg = Release|Any CPU
		{1E7C8029-1F45-47FC-B91E-D8A4590E3A28}.Release|iPhoneSimulator.Build.0 = Release|Any CPU
		{2D423575-A0CC-456F-A421-C5C1EBF6C4D4}.Debug|Any CPU.ActiveCfg = Debug|Any CPU
		{2D423575-A0CC-456F-A421-C5C1EBF6C4D4}.Debug|Any CPU.Build.0 = Debug|Any CPU
		{2D423575-A0CC-456F-A421-C5C1EBF6C4D4}.Debug|iPhone.ActiveCfg = Debug|Any CPU
		{2D423575-A0CC-456F-A421-C5C1EBF6C4D4}.Debug|iPhone.Build.0 = Debug|Any CPU
		{2D423575-A0CC-456F-A421-C5C1EBF6C4D4}.Debug|iPhoneSimulator.ActiveCfg = Debug|Any CPU
		{2D423575-A0CC-456F-A421-C5C1EBF6C4D4}.Debug|iPhoneSimulator.Build.0 = Debug|Any CPU
		{2D423575-A0CC-456F-A421-C5C1EBF6C4D4}.Release|Any CPU.ActiveCfg = Release|Any CPU
		{2D423575-A0CC-456F-A421-C5C1EBF6C4D4}.Release|Any CPU.Build.0 = Release|Any CPU
		{2D423575-A0CC-456F-A421-C5C1EBF6C4D4}.Release|iPhone.ActiveCfg = Release|Any CPU
		{2D423575-A0CC-456F-A421-C5C1EBF6C4D4}.Release|iPhone.Build.0 = Release|Any CPU
		{2D423575-A0CC-456F-A421-C5C1EBF6C4D4}.Release|iPhoneSimulator.ActiveCfg = Release|Any CPU
		{2D423575-A0CC-456F-A421-C5C1EBF6C4D4}.Release|iPhoneSimulator.Build.0 = Release|Any CPU
		{527620E6-F1CF-4368-B45E-831A3D6B92B2}.Debug|Any CPU.ActiveCfg = Debug|Any CPU
		{527620E6-F1CF-4368-B45E-831A3D6B92B2}.Debug|Any CPU.Build.0 = Debug|Any CPU
		{527620E6-F1CF-4368-B45E-831A3D6B92B2}.Debug|iPhone.ActiveCfg = Debug|Any CPU
		{527620E6-F1CF-4368-B45E-831A3D6B92B2}.Debug|iPhone.Build.0 = Debug|Any CPU
		{527620E6-F1CF-4368-B45E-831A3D6B92B2}.Debug|iPhoneSimulator.ActiveCfg = Debug|Any CPU
		{527620E6-F1CF-4368-B45E-831A3D6B92B2}.Debug|iPhoneSimulator.Build.0 = Debug|Any CPU
		{527620E6-F1CF-4368-B45E-831A3D6B92B2}.Release|Any CPU.ActiveCfg = Release|Any CPU
		{527620E6-F1CF-4368-B45E-831A3D6B92B2}.Release|Any CPU.Build.0 = Release|Any CPU
		{527620E6-F1CF-4368-B45E-831A3D6B92B2}.Release|iPhone.ActiveCfg = Release|Any CPU
		{527620E6-F1CF-4368-B45E-831A3D6B92B2}.Release|iPhone.Build.0 = Release|Any CPU
		{527620E6-F1CF-4368-B45E-831A3D6B92B2}.Release|iPhoneSimulator.ActiveCfg = Release|Any CPU
		{527620E6-F1CF-4368-B45E-831A3D6B92B2}.Release|iPhoneSimulator.Build.0 = Release|Any CPU
		{68B8EC4D-BA96-4782-AFFA-FA11899F16CD}.Debug|Any CPU.ActiveCfg = Debug|Any CPU
		{68B8EC4D-BA96-4782-AFFA-FA11899F16CD}.Debug|Any CPU.Build.0 = Debug|Any CPU
		{68B8EC4D-BA96-4782-AFFA-FA11899F16CD}.Debug|iPhone.ActiveCfg = Debug|Any CPU
		{68B8EC4D-BA96-4782-AFFA-FA11899F16CD}.Debug|iPhone.Build.0 = Debug|Any CPU
		{68B8EC4D-BA96-4782-AFFA-FA11899F16CD}.Debug|iPhoneSimulator.ActiveCfg = Debug|Any CPU
		{68B8EC4D-BA96-4782-AFFA-FA11899F16CD}.Debug|iPhoneSimulator.Build.0 = Debug|Any CPU
		{68B8EC4D-BA96-4782-AFFA-FA11899F16CD}.Release|Any CPU.ActiveCfg = Release|Any CPU
		{68B8EC4D-BA96-4782-AFFA-FA11899F16CD}.Release|Any CPU.Build.0 = Release|Any CPU
		{68B8EC4D-BA96-4782-AFFA-FA11899F16CD}.Release|iPhone.ActiveCfg = Release|Any CPU
		{68B8EC4D-BA96-4782-AFFA-FA11899F16CD}.Release|iPhone.Build.0 = Release|Any CPU
		{68B8EC4D-BA96-4782-AFFA-FA11899F16CD}.Release|iPhoneSimulator.ActiveCfg = Release|Any CPU
		{68B8EC4D-BA96-4782-AFFA-FA11899F16CD}.Release|iPhoneSimulator.Build.0 = Release|Any CPU
		{D34E0450-723C-45EF-8972-76B8EEE7FDB3}.Debug|Any CPU.ActiveCfg = Debug|Any CPU
		{D34E0450-723C-45EF-8972-76B8EEE7FDB3}.Debug|Any CPU.Build.0 = Debug|Any CPU
		{D34E0450-723C-45EF-8972-76B8EEE7FDB3}.Debug|iPhone.ActiveCfg = Debug|Any CPU
		{D34E0450-723C-45EF-8972-76B8EEE7FDB3}.Debug|iPhone.Build.0 = Debug|Any CPU
		{D34E0450-723C-45EF-8972-76B8EEE7FDB3}.Debug|iPhoneSimulator.ActiveCfg = Debug|Any CPU
		{D34E0450-723C-45EF-8972-76B8EEE7FDB3}.Debug|iPhoneSimulator.Build.0 = Debug|Any CPU
		{D34E0450-723C-45EF-8972-76B8EEE7FDB3}.Release|Any CPU.ActiveCfg = Release|Any CPU
		{D34E0450-723C-45EF-8972-76B8EEE7FDB3}.Release|Any CPU.Build.0 = Release|Any CPU
		{D34E0450-723C-45EF-8972-76B8EEE7FDB3}.Release|iPhone.ActiveCfg = Release|Any CPU
		{D34E0450-723C-45EF-8972-76B8EEE7FDB3}.Release|iPhone.Build.0 = Release|Any CPU
		{D34E0450-723C-45EF-8972-76B8EEE7FDB3}.Release|iPhoneSimulator.ActiveCfg = Release|Any CPU
		{D34E0450-723C-45EF-8972-76B8EEE7FDB3}.Release|iPhoneSimulator.Build.0 = Release|Any CPU
		{AF14DAB2-527E-4E75-A79E-BC450058F64E}.Debug|Any CPU.ActiveCfg = Debug|Any CPU
		{AF14DAB2-527E-4E75-A79E-BC450058F64E}.Debug|Any CPU.Build.0 = Debug|Any CPU
		{AF14DAB2-527E-4E75-A79E-BC450058F64E}.Debug|iPhone.ActiveCfg = Debug|Any CPU
		{AF14DAB2-527E-4E75-A79E-BC450058F64E}.Debug|iPhone.Build.0 = Debug|Any CPU
		{AF14DAB2-527E-4E75-A79E-BC450058F64E}.Debug|iPhoneSimulator.ActiveCfg = Debug|Any CPU
		{AF14DAB2-527E-4E75-A79E-BC450058F64E}.Debug|iPhoneSimulator.Build.0 = Debug|Any CPU
		{AF14DAB2-527E-4E75-A79E-BC450058F64E}.Release|Any CPU.ActiveCfg = Release|Any CPU
		{AF14DAB2-527E-4E75-A79E-BC450058F64E}.Release|Any CPU.Build.0 = Release|Any CPU
		{AF14DAB2-527E-4E75-A79E-BC450058F64E}.Release|iPhone.ActiveCfg = Release|Any CPU
		{AF14DAB2-527E-4E75-A79E-BC450058F64E}.Release|iPhone.Build.0 = Release|Any CPU
		{AF14DAB2-527E-4E75-A79E-BC450058F64E}.Release|iPhoneSimulator.ActiveCfg = Release|Any CPU
		{AF14DAB2-527E-4E75-A79E-BC450058F64E}.Release|iPhoneSimulator.Build.0 = Release|Any CPU
		{CA65B0B5-BF15-48E6-BB1E-9038090A4C30}.Debug|Any CPU.ActiveCfg = Debug|iPhoneSimulator
		{CA65B0B5-BF15-48E6-BB1E-9038090A4C30}.Debug|Any CPU.Build.0 = Debug|iPhoneSimulator
		{CA65B0B5-BF15-48E6-BB1E-9038090A4C30}.Debug|iPhone.ActiveCfg = Debug|iPhone
		{CA65B0B5-BF15-48E6-BB1E-9038090A4C30}.Debug|iPhone.Build.0 = Debug|iPhone
		{CA65B0B5-BF15-48E6-BB1E-9038090A4C30}.Debug|iPhoneSimulator.ActiveCfg = Debug|iPhoneSimulator
		{CA65B0B5-BF15-48E6-BB1E-9038090A4C30}.Debug|iPhoneSimulator.Build.0 = Debug|iPhoneSimulator
		{CA65B0B5-BF15-48E6-BB1E-9038090A4C30}.Release|Any CPU.ActiveCfg = Release|iPhone
		{CA65B0B5-BF15-48E6-BB1E-9038090A4C30}.Release|Any CPU.Build.0 = Release|iPhone
		{CA65B0B5-BF15-48E6-BB1E-9038090A4C30}.Release|iPhone.ActiveCfg = Release|iPhone
		{CA65B0B5-BF15-48E6-BB1E-9038090A4C30}.Release|iPhone.Build.0 = Release|iPhone
		{CA65B0B5-BF15-48E6-BB1E-9038090A4C30}.Release|iPhoneSimulator.ActiveCfg = Release|iPhoneSimulator
		{CA65B0B5-BF15-48E6-BB1E-9038090A4C30}.Release|iPhoneSimulator.Build.0 = Release|iPhoneSimulator
		{DD58F471-801A-4AA8-A94D-E36F8B51D221}.Debug|Any CPU.ActiveCfg = Debug|Any CPU
		{DD58F471-801A-4AA8-A94D-E36F8B51D221}.Debug|Any CPU.Build.0 = Debug|Any CPU
		{DD58F471-801A-4AA8-A94D-E36F8B51D221}.Debug|iPhone.ActiveCfg = Debug|Any CPU
		{DD58F471-801A-4AA8-A94D-E36F8B51D221}.Debug|iPhone.Build.0 = Debug|Any CPU
		{DD58F471-801A-4AA8-A94D-E36F8B51D221}.Debug|iPhoneSimulator.ActiveCfg = Debug|Any CPU
		{DD58F471-801A-4AA8-A94D-E36F8B51D221}.Debug|iPhoneSimulator.Build.0 = Debug|Any CPU
		{DD58F471-801A-4AA8-A94D-E36F8B51D221}.Release|Any CPU.ActiveCfg = Release|Any CPU
		{DD58F471-801A-4AA8-A94D-E36F8B51D221}.Release|Any CPU.Build.0 = Release|Any CPU
		{DD58F471-801A-4AA8-A94D-E36F8B51D221}.Release|iPhone.ActiveCfg = Release|Any CPU
		{DD58F471-801A-4AA8-A94D-E36F8B51D221}.Release|iPhone.Build.0 = Release|Any CPU
		{DD58F471-801A-4AA8-A94D-E36F8B51D221}.Release|iPhoneSimulator.ActiveCfg = Release|Any CPU
		{DD58F471-801A-4AA8-A94D-E36F8B51D221}.Release|iPhoneSimulator.Build.0 = Release|Any CPU
		{09E4365B-FD99-4188-864B-78C395023D8D}.Debug|Any CPU.ActiveCfg = Debug|Any CPU
		{09E4365B-FD99-4188-864B-78C395023D8D}.Debug|Any CPU.Build.0 = Debug|Any CPU
		{09E4365B-FD99-4188-864B-78C395023D8D}.Debug|iPhone.ActiveCfg = Debug|Any CPU
		{09E4365B-FD99-4188-864B-78C395023D8D}.Debug|iPhone.Build.0 = Debug|Any CPU
		{09E4365B-FD99-4188-864B-78C395023D8D}.Debug|iPhoneSimulator.ActiveCfg = Debug|Any CPU
		{09E4365B-FD99-4188-864B-78C395023D8D}.Debug|iPhoneSimulator.Build.0 = Debug|Any CPU
		{09E4365B-FD99-4188-864B-78C395023D8D}.Release|Any CPU.ActiveCfg = Release|Any CPU
		{09E4365B-FD99-4188-864B-78C395023D8D}.Release|Any CPU.Build.0 = Release|Any CPU
		{09E4365B-FD99-4188-864B-78C395023D8D}.Release|iPhone.ActiveCfg = Release|Any CPU
		{09E4365B-FD99-4188-864B-78C395023D8D}.Release|iPhone.Build.0 = Release|Any CPU
		{09E4365B-FD99-4188-864B-78C395023D8D}.Release|iPhoneSimulator.ActiveCfg = Release|Any CPU
		{09E4365B-FD99-4188-864B-78C395023D8D}.Release|iPhoneSimulator.Build.0 = Release|Any CPU
		{15561F11-E902-4B21-82BE-C81D046EE17D}.Debug|Any CPU.ActiveCfg = Debug|Any CPU
		{15561F11-E902-4B21-82BE-C81D046EE17D}.Debug|Any CPU.Build.0 = Debug|Any CPU
		{15561F11-E902-4B21-82BE-C81D046EE17D}.Debug|iPhone.ActiveCfg = Debug|Any CPU
		{15561F11-E902-4B21-82BE-C81D046EE17D}.Debug|iPhone.Build.0 = Debug|Any CPU
		{15561F11-E902-4B21-82BE-C81D046EE17D}.Debug|iPhoneSimulator.ActiveCfg = Debug|Any CPU
		{15561F11-E902-4B21-82BE-C81D046EE17D}.Debug|iPhoneSimulator.Build.0 = Debug|Any CPU
		{15561F11-E902-4B21-82BE-C81D046EE17D}.Release|Any CPU.ActiveCfg = Release|Any CPU
		{15561F11-E902-4B21-82BE-C81D046EE17D}.Release|Any CPU.Build.0 = Release|Any CPU
		{15561F11-E902-4B21-82BE-C81D046EE17D}.Release|iPhone.ActiveCfg = Release|Any CPU
		{15561F11-E902-4B21-82BE-C81D046EE17D}.Release|iPhone.Build.0 = Release|Any CPU
		{15561F11-E902-4B21-82BE-C81D046EE17D}.Release|iPhoneSimulator.ActiveCfg = Release|Any CPU
		{15561F11-E902-4B21-82BE-C81D046EE17D}.Release|iPhoneSimulator.Build.0 = Release|Any CPU
		{EAFB5D03-6E8C-44E9-AD58-3903880521EC}.Debug|Any CPU.ActiveCfg = Debug|Any CPU
		{EAFB5D03-6E8C-44E9-AD58-3903880521EC}.Debug|Any CPU.Build.0 = Debug|Any CPU
		{EAFB5D03-6E8C-44E9-AD58-3903880521EC}.Debug|iPhone.ActiveCfg = Debug|Any CPU
		{EAFB5D03-6E8C-44E9-AD58-3903880521EC}.Debug|iPhone.Build.0 = Debug|Any CPU
		{EAFB5D03-6E8C-44E9-AD58-3903880521EC}.Debug|iPhoneSimulator.ActiveCfg = Debug|Any CPU
		{EAFB5D03-6E8C-44E9-AD58-3903880521EC}.Debug|iPhoneSimulator.Build.0 = Debug|Any CPU
		{EAFB5D03-6E8C-44E9-AD58-3903880521EC}.Release|Any CPU.ActiveCfg = Release|Any CPU
		{EAFB5D03-6E8C-44E9-AD58-3903880521EC}.Release|Any CPU.Build.0 = Release|Any CPU
		{EAFB5D03-6E8C-44E9-AD58-3903880521EC}.Release|iPhone.ActiveCfg = Release|Any CPU
		{EAFB5D03-6E8C-44E9-AD58-3903880521EC}.Release|iPhone.Build.0 = Release|Any CPU
		{EAFB5D03-6E8C-44E9-AD58-3903880521EC}.Release|iPhoneSimulator.ActiveCfg = Release|Any CPU
		{EAFB5D03-6E8C-44E9-AD58-3903880521EC}.Release|iPhoneSimulator.Build.0 = Release|Any CPU
		{CF2492F8-A1F2-41A5-B319-DB2C19662A0C}.Debug|Any CPU.ActiveCfg = Debug|Any CPU
		{CF2492F8-A1F2-41A5-B319-DB2C19662A0C}.Debug|Any CPU.Build.0 = Debug|Any CPU
		{CF2492F8-A1F2-41A5-B319-DB2C19662A0C}.Debug|iPhone.ActiveCfg = Debug|Any CPU
		{CF2492F8-A1F2-41A5-B319-DB2C19662A0C}.Debug|iPhone.Build.0 = Debug|Any CPU
		{CF2492F8-A1F2-41A5-B319-DB2C19662A0C}.Debug|iPhoneSimulator.ActiveCfg = Debug|Any CPU
		{CF2492F8-A1F2-41A5-B319-DB2C19662A0C}.Debug|iPhoneSimulator.Build.0 = Debug|Any CPU
		{CF2492F8-A1F2-41A5-B319-DB2C19662A0C}.Release|Any CPU.ActiveCfg = Release|Any CPU
		{CF2492F8-A1F2-41A5-B319-DB2C19662A0C}.Release|Any CPU.Build.0 = Release|Any CPU
		{CF2492F8-A1F2-41A5-B319-DB2C19662A0C}.Release|iPhone.ActiveCfg = Release|Any CPU
		{CF2492F8-A1F2-41A5-B319-DB2C19662A0C}.Release|iPhone.Build.0 = Release|Any CPU
		{CF2492F8-A1F2-41A5-B319-DB2C19662A0C}.Release|iPhoneSimulator.ActiveCfg = Release|Any CPU
		{CF2492F8-A1F2-41A5-B319-DB2C19662A0C}.Release|iPhoneSimulator.Build.0 = Release|Any CPU
		{F7C77102-12A6-48D7-8431-AB0F3C77FB6F}.Debug|Any CPU.ActiveCfg = Debug|Any CPU
		{F7C77102-12A6-48D7-8431-AB0F3C77FB6F}.Debug|Any CPU.Build.0 = Debug|Any CPU
		{F7C77102-12A6-48D7-8431-AB0F3C77FB6F}.Debug|iPhone.ActiveCfg = Debug|Any CPU
		{F7C77102-12A6-48D7-8431-AB0F3C77FB6F}.Debug|iPhone.Build.0 = Debug|Any CPU
		{F7C77102-12A6-48D7-8431-AB0F3C77FB6F}.Debug|iPhoneSimulator.ActiveCfg = Debug|Any CPU
		{F7C77102-12A6-48D7-8431-AB0F3C77FB6F}.Debug|iPhoneSimulator.Build.0 = Debug|Any CPU
		{F7C77102-12A6-48D7-8431-AB0F3C77FB6F}.Release|Any CPU.ActiveCfg = Release|Any CPU
		{F7C77102-12A6-48D7-8431-AB0F3C77FB6F}.Release|Any CPU.Build.0 = Release|Any CPU
		{F7C77102-12A6-48D7-8431-AB0F3C77FB6F}.Release|iPhone.ActiveCfg = Release|Any CPU
		{F7C77102-12A6-48D7-8431-AB0F3C77FB6F}.Release|iPhone.Build.0 = Release|Any CPU
		{F7C77102-12A6-48D7-8431-AB0F3C77FB6F}.Release|iPhoneSimulator.ActiveCfg = Release|Any CPU
		{F7C77102-12A6-48D7-8431-AB0F3C77FB6F}.Release|iPhoneSimulator.Build.0 = Release|Any CPU
		{938AFE20-BE61-44B5-BF69-05E95056189E}.Debug|Any CPU.ActiveCfg = Debug|Any CPU
		{938AFE20-BE61-44B5-BF69-05E95056189E}.Debug|Any CPU.Build.0 = Debug|Any CPU
		{938AFE20-BE61-44B5-BF69-05E95056189E}.Debug|iPhone.ActiveCfg = Debug|Any CPU
		{938AFE20-BE61-44B5-BF69-05E95056189E}.Debug|iPhone.Build.0 = Debug|Any CPU
		{938AFE20-BE61-44B5-BF69-05E95056189E}.Debug|iPhoneSimulator.ActiveCfg = Debug|Any CPU
		{938AFE20-BE61-44B5-BF69-05E95056189E}.Debug|iPhoneSimulator.Build.0 = Debug|Any CPU
		{938AFE20-BE61-44B5-BF69-05E95056189E}.Release|Any CPU.ActiveCfg = Release|Any CPU
		{938AFE20-BE61-44B5-BF69-05E95056189E}.Release|Any CPU.Build.0 = Release|Any CPU
		{938AFE20-BE61-44B5-BF69-05E95056189E}.Release|iPhone.ActiveCfg = Release|Any CPU
		{938AFE20-BE61-44B5-BF69-05E95056189E}.Release|iPhone.Build.0 = Release|Any CPU
		{938AFE20-BE61-44B5-BF69-05E95056189E}.Release|iPhoneSimulator.ActiveCfg = Release|Any CPU
		{938AFE20-BE61-44B5-BF69-05E95056189E}.Release|iPhoneSimulator.Build.0 = Release|Any CPU
		{55398ED7-1DA2-4199-8AEF-251767A41576}.Debug|Any CPU.ActiveCfg = Debug|Any CPU
		{55398ED7-1DA2-4199-8AEF-251767A41576}.Debug|Any CPU.Build.0 = Debug|Any CPU
		{55398ED7-1DA2-4199-8AEF-251767A41576}.Debug|iPhone.ActiveCfg = Debug|Any CPU
		{55398ED7-1DA2-4199-8AEF-251767A41576}.Debug|iPhone.Build.0 = Debug|Any CPU
		{55398ED7-1DA2-4199-8AEF-251767A41576}.Debug|iPhoneSimulator.ActiveCfg = Debug|Any CPU
		{55398ED7-1DA2-4199-8AEF-251767A41576}.Debug|iPhoneSimulator.Build.0 = Debug|Any CPU
		{55398ED7-1DA2-4199-8AEF-251767A41576}.Release|Any CPU.ActiveCfg = Release|Any CPU
		{55398ED7-1DA2-4199-8AEF-251767A41576}.Release|Any CPU.Build.0 = Release|Any CPU
		{55398ED7-1DA2-4199-8AEF-251767A41576}.Release|iPhone.ActiveCfg = Release|Any CPU
		{55398ED7-1DA2-4199-8AEF-251767A41576}.Release|iPhone.Build.0 = Release|Any CPU
		{55398ED7-1DA2-4199-8AEF-251767A41576}.Release|iPhoneSimulator.ActiveCfg = Release|Any CPU
		{55398ED7-1DA2-4199-8AEF-251767A41576}.Release|iPhoneSimulator.Build.0 = Release|Any CPU
		{6A087F93-950F-4AE0-828F-780C6DC3294E}.Debug|Any CPU.ActiveCfg = Debug|Any CPU
		{6A087F93-950F-4AE0-828F-780C6DC3294E}.Debug|Any CPU.Build.0 = Debug|Any CPU
		{6A087F93-950F-4AE0-828F-780C6DC3294E}.Debug|iPhone.ActiveCfg = Debug|Any CPU
		{6A087F93-950F-4AE0-828F-780C6DC3294E}.Debug|iPhone.Build.0 = Debug|Any CPU
		{6A087F93-950F-4AE0-828F-780C6DC3294E}.Debug|iPhoneSimulator.ActiveCfg = Debug|Any CPU
		{6A087F93-950F-4AE0-828F-780C6DC3294E}.Debug|iPhoneSimulator.Build.0 = Debug|Any CPU
		{6A087F93-950F-4AE0-828F-780C6DC3294E}.Release|Any CPU.ActiveCfg = Release|Any CPU
		{6A087F93-950F-4AE0-828F-780C6DC3294E}.Release|Any CPU.Build.0 = Release|Any CPU
		{6A087F93-950F-4AE0-828F-780C6DC3294E}.Release|iPhone.ActiveCfg = Release|Any CPU
		{6A087F93-950F-4AE0-828F-780C6DC3294E}.Release|iPhone.Build.0 = Release|Any CPU
		{6A087F93-950F-4AE0-828F-780C6DC3294E}.Release|iPhoneSimulator.ActiveCfg = Release|Any CPU
		{6A087F93-950F-4AE0-828F-780C6DC3294E}.Release|iPhoneSimulator.Build.0 = Release|Any CPU
		{F11BF1A8-986E-4512-BA4C-4124D02112AC}.Debug|Any CPU.ActiveCfg = Debug|Any CPU
		{F11BF1A8-986E-4512-BA4C-4124D02112AC}.Debug|Any CPU.Build.0 = Debug|Any CPU
		{F11BF1A8-986E-4512-BA4C-4124D02112AC}.Debug|iPhone.ActiveCfg = Debug|Any CPU
		{F11BF1A8-986E-4512-BA4C-4124D02112AC}.Debug|iPhone.Build.0 = Debug|Any CPU
		{F11BF1A8-986E-4512-BA4C-4124D02112AC}.Debug|iPhoneSimulator.ActiveCfg = Debug|Any CPU
		{F11BF1A8-986E-4512-BA4C-4124D02112AC}.Debug|iPhoneSimulator.Build.0 = Debug|Any CPU
		{F11BF1A8-986E-4512-BA4C-4124D02112AC}.Release|Any CPU.ActiveCfg = Release|Any CPU
		{F11BF1A8-986E-4512-BA4C-4124D02112AC}.Release|Any CPU.Build.0 = Release|Any CPU
		{F11BF1A8-986E-4512-BA4C-4124D02112AC}.Release|iPhone.ActiveCfg = Release|Any CPU
		{F11BF1A8-986E-4512-BA4C-4124D02112AC}.Release|iPhone.Build.0 = Release|Any CPU
		{F11BF1A8-986E-4512-BA4C-4124D02112AC}.Release|iPhoneSimulator.ActiveCfg = Release|Any CPU
		{F11BF1A8-986E-4512-BA4C-4124D02112AC}.Release|iPhoneSimulator.Build.0 = Release|Any CPU
		{1142A41D-36BE-4885-A902-B44C85BAE33D}.Debug|Any CPU.ActiveCfg = Debug|Any CPU
		{1142A41D-36BE-4885-A902-B44C85BAE33D}.Debug|Any CPU.Build.0 = Debug|Any CPU
		{1142A41D-36BE-4885-A902-B44C85BAE33D}.Debug|iPhone.ActiveCfg = Debug|Any CPU
		{1142A41D-36BE-4885-A902-B44C85BAE33D}.Debug|iPhone.Build.0 = Debug|Any CPU
		{1142A41D-36BE-4885-A902-B44C85BAE33D}.Debug|iPhoneSimulator.ActiveCfg = Debug|Any CPU
		{1142A41D-36BE-4885-A902-B44C85BAE33D}.Debug|iPhoneSimulator.Build.0 = Debug|Any CPU
		{1142A41D-36BE-4885-A902-B44C85BAE33D}.Release|Any CPU.ActiveCfg = Release|Any CPU
		{1142A41D-36BE-4885-A902-B44C85BAE33D}.Release|Any CPU.Build.0 = Release|Any CPU
		{1142A41D-36BE-4885-A902-B44C85BAE33D}.Release|iPhone.ActiveCfg = Release|Any CPU
		{1142A41D-36BE-4885-A902-B44C85BAE33D}.Release|iPhone.Build.0 = Release|Any CPU
		{1142A41D-36BE-4885-A902-B44C85BAE33D}.Release|iPhoneSimulator.ActiveCfg = Release|Any CPU
		{1142A41D-36BE-4885-A902-B44C85BAE33D}.Release|iPhoneSimulator.Build.0 = Release|Any CPU
	EndGlobalSection
	GlobalSection(SolutionProperties) = preSolution
		HideSolutionNode = FALSE
	EndGlobalSection
	GlobalSection(NestedProjects) = preSolution
		{769D26E4-3D86-4EDD-AEB7-02FA327D9021} = {28BBC1EF-B589-42B9-A89F-796778A5BEF0}
		{1E7C8029-1F45-47FC-B91E-D8A4590E3A28} = {5A141452-1CF5-4AFB-B2FF-5816C534AC3C}
		{2D423575-A0CC-456F-A421-C5C1EBF6C4D4} = {5A141452-1CF5-4AFB-B2FF-5816C534AC3C}
		{527620E6-F1CF-4368-B45E-831A3D6B92B2} = {28BBC1EF-B589-42B9-A89F-796778A5BEF0}
		{68B8EC4D-BA96-4782-AFFA-FA11899F16CD} = {EDF4BB25-BE69-4A2E-B168-8F3EA5FE1E50}
		{D34E0450-723C-45EF-8972-76B8EEE7FDB3} = {EDF4BB25-BE69-4A2E-B168-8F3EA5FE1E50}
		{AF14DAB2-527E-4E75-A79E-BC450058F64E} = {EDF4BB25-BE69-4A2E-B168-8F3EA5FE1E50}
		{CA65B0B5-BF15-48E6-BB1E-9038090A4C30} = {691D5318-3E04-4F1E-99C9-E1F00D5527E1}
		{DD58F471-801A-4AA8-A94D-E36F8B51D221} = {691D5318-3E04-4F1E-99C9-E1F00D5527E1}
		{09E4365B-FD99-4188-864B-78C395023D8D} = {5A141452-1CF5-4AFB-B2FF-5816C534AC3C}
		{B9B5F667-5B75-4AA5-97D4-101443ADEBD8} = {13BAEB89-3488-4CFF-B022-D26B0CD4B90E}
		{15561F11-E902-4B21-82BE-C81D046EE17D} = {5A141452-1CF5-4AFB-B2FF-5816C534AC3C}
		{EAFB5D03-6E8C-44E9-AD58-3903880521EC} = {691D5318-3E04-4F1E-99C9-E1F00D5527E1}
		{CF2492F8-A1F2-41A5-B319-DB2C19662A0C} = {28BBC1EF-B589-42B9-A89F-796778A5BEF0}
		{F7C77102-12A6-48D7-8431-AB0F3C77FB6F} = {28BBC1EF-B589-42B9-A89F-796778A5BEF0}
		{938AFE20-BE61-44B5-BF69-05E95056189E} = {28BBC1EF-B589-42B9-A89F-796778A5BEF0}
		{55398ED7-1DA2-4199-8AEF-251767A41576} = {28BBC1EF-B589-42B9-A89F-796778A5BEF0}
		{6A087F93-950F-4AE0-828F-780C6DC3294E} = {EDF4BB25-BE69-4A2E-B168-8F3EA5FE1E50}
		{F11BF1A8-986E-4512-BA4C-4124D02112AC} = {5A141452-1CF5-4AFB-B2FF-5816C534AC3C}
		{1142A41D-36BE-4885-A902-B44C85BAE33D} = {5A141452-1CF5-4AFB-B2FF-5816C534AC3C}
	EndGlobalSection
	GlobalSection(ExtensibilityGlobals) = postSolution
		SolutionGuid = {D8D2DC8C-6314-40BB-B8CE-597BF251B888}
	EndGlobalSection
EndGlobal
