Microsoft Visual Studio Solution File, Format Version 12.00
# Visual Studio 15
VisualStudioVersion = 15.0.27428.2037
MinimumVisualStudioVersion = 10.0.40219.1
Project("{9A19103F-16F7-4668-BE54-9A1E7A4F7556}") = "LegoCar", "LegoCar\LegoCar.csproj", "{7E96F1B0-D569-4796-AEE0-7855E5C888FC}"
EndProject
Global
	GlobalSection(SolutionConfigurationPlatforms) = preSolution
		Debug|Any CPU = Debug|Any CPU
		Release|Any CPU = Release|Any CPU
	EndGlobalSection
	GlobalSection(ProjectConfigurationPlatforms) = postSolution
		{7E96F1B0-D569-4796-AEE0-7855E5C888FC}.Debug|Any CPU.ActiveCfg = Debug|Any CPU
		{7E96F1B0-D569-4796-AEE0-7855E5C888FC}.Debug|Any CPU.Build.0 = Debug|Any CPU
		{7E96F1B0-D569-4796-AEE0-7855E5C888FC}.Release|Any CPU.ActiveCfg = Release|Any CPU
		{7E96F1B0-D569-4796-AEE0-7855E5C888FC}.Release|Any CPU.Build.0 = Release|Any CPU
	EndGlobalSection
	GlobalSection(SolutionProperties) = preSolution
		HideSolutionNode = FALSE
	EndGlobalSection
	GlobalSection(ExtensibilityGlobals) = postSolution
		SolutionGuid = {D8D2DC8C-6314-40BB-B8CE-597BF251B888}
	EndGlobalSection
EndGlobal
