Microsoft Visual Studio Solution File, Format Version 12.00
# Visual Studio 15
VisualStudioVersion = 15.0.27428.2037
MinimumVisualStudioVersion = 10.0.40219.1
Project("{9A19103F-16F7-4668-BE54-9A1E7A4F7556}") = "LegoCar", "LegoCar\LegoCar.csproj", "{7E96F1B0-D569-4796-AEE0-7855E5C888FC}"
EndProject
Project("{2150E333-8FDC-42A3-9474-1A3956D46DE8}") = "20. Libs", "20. Libs", "{28BBC1EF-B589-42B9-A89F-796778A5BEF0}"
EndProject
Project("{2150E333-8FDC-42A3-9474-1A3956D46DE8}") = "30. Tests", "30. Tests", "{5A141452-1CF5-4AFB-B2FF-5816C534AC3C}"
EndProject
Project("{9A19103F-16F7-4668-BE54-9A1E7A4F7556}") = "Devices", "Devices\Devices.csproj", "{769D26E4-3D86-4EDD-AEB7-02FA327D9021}"
EndProject
Project("{9A19103F-16F7-4668-BE54-9A1E7A4F7556}") = "Terminal.Interactive", "Terminal.Interactive\Terminal.Interactive.csproj", "{2627F0BF-554A-47B3-BDE3-9B96605C20C1}"
EndProject
Project("{9A19103F-16F7-4668-BE54-9A1E7A4F7556}") = "Terminal.Interactive.Roslyn", "Terminal.Interactive.Roslyn\Terminal.Interactive.Roslyn.csproj", "{92980798-4F7A-497D-9778-2BC9D1FFA497}"
EndProject
Project("{9A19103F-16F7-4668-BE54-9A1E7A4F7556}") = "Terminal.Interactive.PoorMans", "Terminal.Interactive.PoorMans\Terminal.Interactive.PoorMans.csproj", "{71B78D26-934E-4FC1-B119-04094E4F23C2}"
EndProject
Project("{9A19103F-16F7-4668-BE54-9A1E7A4F7556}") = "ImuTest", "ImuTest\ImuTest.csproj", "{B651E095-0E9B-4588-8061-5173A35F761E}"
EndProject
Project("{9A19103F-16F7-4668-BE54-9A1E7A4F7556}") = "ServoTest", "ServoTest\ServoTest.csproj", "{4EE8B23C-5333-4D79-A00B-07BFF060DBFF}"
EndProject
Project("{9A19103F-16F7-4668-BE54-9A1E7A4F7556}") = "PiconTest", "PiconTest\PiconTest.csproj", "{74FA5B3C-B6D3-44F8-BD94-680F300F3077}"
EndProject
Project("{9A19103F-16F7-4668-BE54-9A1E7A4F7556}") = "MotorTest", "MotorTest\MotorTest.csproj", "{1E7C8029-1F45-47FC-B91E-D8A4590E3A28}"
EndProject
Project("{9A19103F-16F7-4668-BE54-9A1E7A4F7556}") = "MotoZeroTest", "MotoZeroTest\MotoZeroTest.csproj", "{2D423575-A0CC-456F-A421-C5C1EBF6C4D4}"
EndProject
Project("{FAE04EC0-301F-11D3-BF4B-00C04F79EFBC}") = "LCTP", "LCTP\LCTP.csproj", "{527620E6-F1CF-4368-B45E-831A3D6B92B2}"
EndProject
Project("{2150E333-8FDC-42A3-9474-1A3956D46DE8}") = "10. Apps", "10. Apps", "{EDF4BB25-BE69-4A2E-B168-8F3EA5FE1E50}"
EndProject
Project("{FAE04EC0-301F-11D3-BF4B-00C04F79EFBC}") = "MotoZeroServer", "MotoZeroServer\MotoZeroServer.csproj", "{68B8EC4D-BA96-4782-AFFA-FA11899F16CD}"
EndProject
Global
	GlobalSection(SolutionConfigurationPlatforms) = preSolution
		Debug|Any CPU = Debug|Any CPU
		Release|Any CPU = Release|Any CPU
	EndGlobalSection
	GlobalSection(ProjectConfigurationPlatforms) = postSolution
		{7E96F1B0-D569-4796-AEE0-7855E5C888FC}.Debug|Any CPU.ActiveCfg = Debug|Any CPU
		{7E96F1B0-D569-4796-AEE0-7855E5C888FC}.Debug|Any CPU.Build.0 = Debug|Any CPU
		{7E96F1B0-D569-4796-AEE0-7855E5C888FC}.Release|Any CPU.ActiveCfg = Release|Any CPU
		{7E96F1B0-D569-4796-AEE0-7855E5C888FC}.Release|Any CPU.Build.0 = Release|Any CPU
		{769D26E4-3D86-4EDD-AEB7-02FA327D9021}.Debug|Any CPU.ActiveCfg = Debug|Any CPU
		{769D26E4-3D86-4EDD-AEB7-02FA327D9021}.Debug|Any CPU.Build.0 = Debug|Any CPU
		{769D26E4-3D86-4EDD-AEB7-02FA327D9021}.Release|Any CPU.ActiveCfg = Release|Any CPU
		{769D26E4-3D86-4EDD-AEB7-02FA327D9021}.Release|Any CPU.Build.0 = Release|Any CPU
		{2627F0BF-554A-47B3-BDE3-9B96605C20C1}.Debug|Any CPU.ActiveCfg = Debug|Any CPU
		{2627F0BF-554A-47B3-BDE3-9B96605C20C1}.Debug|Any CPU.Build.0 = Debug|Any CPU
		{2627F0BF-554A-47B3-BDE3-9B96605C20C1}.Release|Any CPU.ActiveCfg = Release|Any CPU
		{2627F0BF-554A-47B3-BDE3-9B96605C20C1}.Release|Any CPU.Build.0 = Release|Any CPU
		{92980798-4F7A-497D-9778-2BC9D1FFA497}.Debug|Any CPU.ActiveCfg = Debug|Any CPU
		{92980798-4F7A-497D-9778-2BC9D1FFA497}.Debug|Any CPU.Build.0 = Debug|Any CPU
		{92980798-4F7A-497D-9778-2BC9D1FFA497}.Release|Any CPU.ActiveCfg = Release|Any CPU
		{92980798-4F7A-497D-9778-2BC9D1FFA497}.Release|Any CPU.Build.0 = Release|Any CPU
		{71B78D26-934E-4FC1-B119-04094E4F23C2}.Debug|Any CPU.ActiveCfg = Debug|Any CPU
		{71B78D26-934E-4FC1-B119-04094E4F23C2}.Debug|Any CPU.Build.0 = Debug|Any CPU
		{71B78D26-934E-4FC1-B119-04094E4F23C2}.Release|Any CPU.ActiveCfg = Release|Any CPU
		{71B78D26-934E-4FC1-B119-04094E4F23C2}.Release|Any CPU.Build.0 = Release|Any CPU
		{B651E095-0E9B-4588-8061-5173A35F761E}.Debug|Any CPU.ActiveCfg = Debug|Any CPU
		{B651E095-0E9B-4588-8061-5173A35F761E}.Debug|Any CPU.Build.0 = Debug|Any CPU
		{B651E095-0E9B-4588-8061-5173A35F761E}.Release|Any CPU.ActiveCfg = Release|Any CPU
		{B651E095-0E9B-4588-8061-5173A35F761E}.Release|Any CPU.Build.0 = Release|Any CPU
		{4EE8B23C-5333-4D79-A00B-07BFF060DBFF}.Debug|Any CPU.ActiveCfg = Debug|Any CPU
		{4EE8B23C-5333-4D79-A00B-07BFF060DBFF}.Debug|Any CPU.Build.0 = Debug|Any CPU
		{4EE8B23C-5333-4D79-A00B-07BFF060DBFF}.Release|Any CPU.ActiveCfg = Release|Any CPU
		{4EE8B23C-5333-4D79-A00B-07BFF060DBFF}.Release|Any CPU.Build.0 = Release|Any CPU
		{74FA5B3C-B6D3-44F8-BD94-680F300F3077}.Debug|Any CPU.ActiveCfg = Debug|Any CPU
		{74FA5B3C-B6D3-44F8-BD94-680F300F3077}.Debug|Any CPU.Build.0 = Debug|Any CPU
		{74FA5B3C-B6D3-44F8-BD94-680F300F3077}.Release|Any CPU.ActiveCfg = Release|Any CPU
		{74FA5B3C-B6D3-44F8-BD94-680F300F3077}.Release|Any CPU.Build.0 = Release|Any CPU
		{1E7C8029-1F45-47FC-B91E-D8A4590E3A28}.Debug|Any CPU.ActiveCfg = Debug|Any CPU
		{1E7C8029-1F45-47FC-B91E-D8A4590E3A28}.Debug|Any CPU.Build.0 = Debug|Any CPU
		{1E7C8029-1F45-47FC-B91E-D8A4590E3A28}.Release|Any CPU.ActiveCfg = Release|Any CPU
		{1E7C8029-1F45-47FC-B91E-D8A4590E3A28}.Release|Any CPU.Build.0 = Release|Any CPU
		{2D423575-A0CC-456F-A421-C5C1EBF6C4D4}.Debug|Any CPU.ActiveCfg = Debug|Any CPU
		{2D423575-A0CC-456F-A421-C5C1EBF6C4D4}.Debug|Any CPU.Build.0 = Debug|Any CPU
		{2D423575-A0CC-456F-A421-C5C1EBF6C4D4}.Release|Any CPU.ActiveCfg = Release|Any CPU
		{2D423575-A0CC-456F-A421-C5C1EBF6C4D4}.Release|Any CPU.Build.0 = Release|Any CPU
		{527620E6-F1CF-4368-B45E-831A3D6B92B2}.Debug|Any CPU.ActiveCfg = Debug|Any CPU
		{527620E6-F1CF-4368-B45E-831A3D6B92B2}.Debug|Any CPU.Build.0 = Debug|Any CPU
		{527620E6-F1CF-4368-B45E-831A3D6B92B2}.Release|Any CPU.ActiveCfg = Release|Any CPU
		{527620E6-F1CF-4368-B45E-831A3D6B92B2}.Release|Any CPU.Build.0 = Release|Any CPU
		{68B8EC4D-BA96-4782-AFFA-FA11899F16CD}.Debug|Any CPU.ActiveCfg = Debug|Any CPU
		{68B8EC4D-BA96-4782-AFFA-FA11899F16CD}.Debug|Any CPU.Build.0 = Debug|Any CPU
		{68B8EC4D-BA96-4782-AFFA-FA11899F16CD}.Release|Any CPU.ActiveCfg = Release|Any CPU
		{68B8EC4D-BA96-4782-AFFA-FA11899F16CD}.Release|Any CPU.Build.0 = Release|Any CPU
	EndGlobalSection
	GlobalSection(SolutionProperties) = preSolution
		HideSolutionNode = FALSE
	EndGlobalSection
	GlobalSection(NestedProjects) = preSolution
		{7E96F1B0-D569-4796-AEE0-7855E5C888FC} = {5A141452-1CF5-4AFB-B2FF-5816C534AC3C}
		{769D26E4-3D86-4EDD-AEB7-02FA327D9021} = {28BBC1EF-B589-42B9-A89F-796778A5BEF0}
		{2627F0BF-554A-47B3-BDE3-9B96605C20C1} = {28BBC1EF-B589-42B9-A89F-796778A5BEF0}
		{92980798-4F7A-497D-9778-2BC9D1FFA497} = {28BBC1EF-B589-42B9-A89F-796778A5BEF0}
		{71B78D26-934E-4FC1-B119-04094E4F23C2} = {28BBC1EF-B589-42B9-A89F-796778A5BEF0}
		{B651E095-0E9B-4588-8061-5173A35F761E} = {5A141452-1CF5-4AFB-B2FF-5816C534AC3C}
		{4EE8B23C-5333-4D79-A00B-07BFF060DBFF} = {5A141452-1CF5-4AFB-B2FF-5816C534AC3C}
		{74FA5B3C-B6D3-44F8-BD94-680F300F3077} = {5A141452-1CF5-4AFB-B2FF-5816C534AC3C}
		{1E7C8029-1F45-47FC-B91E-D8A4590E3A28} = {5A141452-1CF5-4AFB-B2FF-5816C534AC3C}
		{2D423575-A0CC-456F-A421-C5C1EBF6C4D4} = {5A141452-1CF5-4AFB-B2FF-5816C534AC3C}
		{527620E6-F1CF-4368-B45E-831A3D6B92B2} = {28BBC1EF-B589-42B9-A89F-796778A5BEF0}
		{68B8EC4D-BA96-4782-AFFA-FA11899F16CD} = {EDF4BB25-BE69-4A2E-B168-8F3EA5FE1E50}
	EndGlobalSection
	GlobalSection(ExtensibilityGlobals) = postSolution
		SolutionGuid = {D8D2DC8C-6314-40BB-B8CE-597BF251B888}
	EndGlobalSection
EndGlobal
